
Microsoft Visual Studio Solution File, Format Version 12.00
# Visual Studio Version 17
VisualStudioVersion = 17.9.34728.123
MinimumVisualStudioVersion = 10.0.40219.1
Project("{9A19103F-16F7-4668-BE54-9A1E7A4F7556}") = "PlayPeople", "PlayPeople\PlayPeople.csproj", "{328262F0-2521-4EC0-BE00-EF7F87D42536}"
EndProject
Global
	GlobalSection(SolutionConfigurationPlatforms) = preSolution
		Debug|Any CPU = Debug|Any CPU
		Release|Any CPU = Release|Any CPU
	EndGlobalSection
	GlobalSection(ProjectConfigurationPlatforms) = postSolution
		{328262F0-2521-4EC0-BE00-EF7F87D42536}.Debug|Any CPU.ActiveCfg = Debug|Any CPU
		{328262F0-2521-4EC0-BE00-EF7F87D42536}.Debug|Any CPU.Build.0 = Debug|Any CPU
		{328262F0-2521-4EC0-BE00-EF7F87D42536}.Release|Any CPU.ActiveCfg = Release|Any CPU
		{328262F0-2521-4EC0-BE00-EF7F87D42536}.Release|Any CPU.Build.0 = Release|Any CPU
	EndGlobalSection
	GlobalSection(SolutionProperties) = preSolution
		HideSolutionNode = FALSE
	EndGlobalSection
	GlobalSection(ExtensibilityGlobals) = postSolution
		SolutionGuid = {4B600864-59D0-4213-AD46-C311451F33B4}
	EndGlobalSection
EndGlobal
